// !$*UTF8*$!
{
	archiveVersion = 1;
	classes = {
	};
	objectVersion = 46;
	objects = {

/* Begin PBXBuildFile section */
		AD21D6161ACE66CA00303E00 /* AnimationsController.swift in Sources */ = {isa = PBXBuildFile; fileRef = AD21D6151ACE66CA00303E00 /* AnimationsController.swift */; };
		AD46E3F61AE4AA800040A7FE /* libPocoFoundation.a in Frameworks */ = {isa = PBXBuildFile; fileRef = AD46E3F41AE4AA800040A7FE /* libPocoFoundation.a */; };
		AD46E3F71AE4AA800040A7FE /* libPocoNet.a in Frameworks */ = {isa = PBXBuildFile; fileRef = AD46E3F51AE4AA800040A7FE /* libPocoNet.a */; };
		AD4C7F1E1AD2400500E52973 /* view-sidetree.png in Resources */ = {isa = PBXBuildFile; fileRef = AD4C7F1D1AD2400500E52973 /* view-sidetree.png */; };
		AD8CD54B1AE34109007DBF9A /* Preferences.swift in Sources */ = {isa = PBXBuildFile; fileRef = AD8CD54A1AE34109007DBF9A /* Preferences.swift */; };
		AD914B7B1AC7C62E001DDD98 /* CubeNetwork.cpp in Sources */ = {isa = PBXBuildFile; fileRef = AD914B791AC7C62E001DDD98 /* CubeNetwork.cpp */; };
		AD914B7E1AC7C8AD001DDD98 /* ObjCtoCPlusPlus.mm in Sources */ = {isa = PBXBuildFile; fileRef = AD914B7D1AC7C8AD001DDD98 /* ObjCtoCPlusPlus.mm */; };
		AD9811B31AD4D60400173858 /* Animations.swift in Sources */ = {isa = PBXBuildFile; fileRef = AD9811B21AD4D60400173858 /* Animations.swift */; };
		ADADD8C51ACA5FBD00674ED7 /* media-playback-pause-5.png in Resources */ = {isa = PBXBuildFile; fileRef = ADADD8C41ACA5FBD00674ED7 /* media-playback-pause-5.png */; };
		ADADD8C71ACA5FC200674ED7 /* media-playback-start-5.png in Resources */ = {isa = PBXBuildFile; fileRef = ADADD8C61ACA5FC200674ED7 /* media-playback-start-5.png */; };
		ADADD8C91ACA618800674ED7 /* media-seek-forward-5.png in Resources */ = {isa = PBXBuildFile; fileRef = ADADD8C81ACA618800674ED7 /* media-seek-forward-5.png */; };
		ADADD8CB1ACA622400674ED7 /* media-seek-backward-5.png in Resources */ = {isa = PBXBuildFile; fileRef = ADADD8CA1ACA622400674ED7 /* media-seek-backward-5.png */; };
		ADADD8CE1ACA6D3800674ED7 /* media-skip-backward-5.png in Resources */ = {isa = PBXBuildFile; fileRef = ADADD8CC1ACA6D3800674ED7 /* media-skip-backward-5.png */; };
		ADADD8CF1ACA6D3800674ED7 /* media-skip-forward-5.png in Resources */ = {isa = PBXBuildFile; fileRef = ADADD8CD1ACA6D3800674ED7 /* media-skip-forward-5.png */; };
		ADADD8D21ACA7B3400674ED7 /* list-add-2.png in Resources */ = {isa = PBXBuildFile; fileRef = ADADD8D01ACA7B3400674ED7 /* list-add-2.png */; };
		ADADD8D31ACA7B3400674ED7 /* list-remove-2.png in Resources */ = {isa = PBXBuildFile; fileRef = ADADD8D11ACA7B3400674ED7 /* list-remove-2.png */; };
		ADC4C2431ACD0D8A00ED8952 /* Background.jpg in Resources */ = {isa = PBXBuildFile; fileRef = ADC4C2421ACD0D8A00ED8952 /* Background.jpg */; };
		ADCB865B1AC6471C00E300C7 /* AppDelegate.swift in Sources */ = {isa = PBXBuildFile; fileRef = ADCB865A1AC6471C00E300C7 /* AppDelegate.swift */; };
		ADCB865D1AC6471C00E300C7 /* GameView.swift in Sources */ = {isa = PBXBuildFile; fileRef = ADCB865C1AC6471C00E300C7 /* GameView.swift */; };
		ADCB865F1AC6471C00E300C7 /* GameViewController.swift in Sources */ = {isa = PBXBuildFile; fileRef = ADCB865E1AC6471C00E300C7 /* GameViewController.swift */; };
		ADCB86631AC6471C00E300C7 /* Images.xcassets in Resources */ = {isa = PBXBuildFile; fileRef = ADCB86621AC6471C00E300C7 /* Images.xcassets */; };
		ADCB86661AC6471C00E300C7 /* MainMenu.xib in Resources */ = {isa = PBXBuildFile; fileRef = ADCB86641AC6471C00E300C7 /* MainMenu.xib */; };
		ADCB86721AC6471C00E300C7 /* Cube4FunTests.swift in Sources */ = {isa = PBXBuildFile; fileRef = ADCB86711AC6471C00E300C7 /* Cube4FunTests.swift */; };
		ADCB867C1AC6498400E300C7 /* PrimitivesScene.swift in Sources */ = {isa = PBXBuildFile; fileRef = ADCB867B1AC6498400E300C7 /* PrimitivesScene.swift */; };
		ADE765191AC8FD42003CA000 /* Gradient.png in Resources */ = {isa = PBXBuildFile; fileRef = ADE765181AC8FD42003CA000 /* Gradient.png */; };
		ADE7651D1AC90AB3003CA000 /* Arrows.png in Resources */ = {isa = PBXBuildFile; fileRef = ADE7651C1AC90AB3003CA000 /* Arrows.png */; };
		ADE7651F1AC92423003CA000 /* Gradient2.png in Resources */ = {isa = PBXBuildFile; fileRef = ADE7651E1AC92423003CA000 /* Gradient2.png */; };
/* End PBXBuildFile section */

/* Begin PBXContainerItemProxy section */
		ADCB866C1AC6471C00E300C7 /* PBXContainerItemProxy */ = {
			isa = PBXContainerItemProxy;
			containerPortal = ADCB864D1AC6471C00E300C7 /* Project object */;
			proxyType = 1;
			remoteGlobalIDString = ADCB86541AC6471C00E300C7;
			remoteInfo = Cube4Fun;
		};
/* End PBXContainerItemProxy section */

/* Begin PBXFileReference section */
		AD21D6151ACE66CA00303E00 /* AnimationsController.swift */ = {isa = PBXFileReference; fileEncoding = 4; lastKnownFileType = sourcecode.swift; name = AnimationsController.swift; path = src/AnimationsController.swift; sourceTree = "<group>"; };
		AD46E3F41AE4AA800040A7FE /* libPocoFoundation.a */ = {isa = PBXFileReference; lastKnownFileType = archive.ar; name = libPocoFoundation.a; path = Cube4Fun/Poco/libPocoFoundation.a; sourceTree = "<group>"; };
		AD46E3F51AE4AA800040A7FE /* libPocoNet.a */ = {isa = PBXFileReference; lastKnownFileType = archive.ar; name = libPocoNet.a; path = Cube4Fun/Poco/libPocoNet.a; sourceTree = "<group>"; };
		AD4C7F1D1AD2400500E52973 /* view-sidetree.png */ = {isa = PBXFileReference; lastKnownFileType = image.png; name = "view-sidetree.png"; path = "Pics/view-sidetree.png"; sourceTree = "<group>"; };
		AD6B66941AE9F894007FAA17 /* LICENSE */ = {isa = PBXFileReference; fileEncoding = 4; lastKnownFileType = text; path = LICENSE; sourceTree = SOURCE_ROOT; };
		AD6B66961AE9FD5C007FAA17 /* README.md */ = {isa = PBXFileReference; fileEncoding = 4; lastKnownFileType = net.daringfireball.markdown; path = README.md; sourceTree = SOURCE_ROOT; };
		AD6B669D1AEA0219007FAA17 /* RainbowCube_Designmix.ino */ = {isa = PBXFileReference; lastKnownFileType = text; name = RainbowCube_Designmix.ino; path = Arduino/RainbowCube_Designmix.ino; sourceTree = "<group>"; };
		AD6B669E1AEA0219007FAA17 /* Webserver4Rainbow_v3.ino */ = {isa = PBXFileReference; lastKnownFileType = text; name = Webserver4Rainbow_v3.ino; path = Arduino/Webserver4Rainbow_v3.ino; sourceTree = "<group>"; };
		AD8CD54A1AE34109007DBF9A /* Preferences.swift */ = {isa = PBXFileReference; fileEncoding = 4; lastKnownFileType = sourcecode.swift; name = Preferences.swift; path = src/Preferences.swift; sourceTree = "<group>"; };
		AD914B781AC7C62D001DDD98 /* Cube4Fun-Bridging-Header.h */ = {isa = PBXFileReference; lastKnownFileType = sourcecode.c.h; name = "Cube4Fun-Bridging-Header.h"; path = "src/Cube4Fun-Bridging-Header.h"; sourceTree = "<group>"; };
		AD914B791AC7C62E001DDD98 /* CubeNetwork.cpp */ = {isa = PBXFileReference; fileEncoding = 4; lastKnownFileType = sourcecode.cpp.cpp; name = CubeNetwork.cpp; path = src/CubeNetwork.cpp; sourceTree = "<group>"; };
		AD914B7A1AC7C62E001DDD98 /* CubeNetwork.h */ = {isa = PBXFileReference; fileEncoding = 4; lastKnownFileType = sourcecode.c.h; name = CubeNetwork.h; path = src/CubeNetwork.h; sourceTree = "<group>"; };
		AD914B7C1AC7C8AD001DDD98 /* ObjCtoCPlusPlus.h */ = {isa = PBXFileReference; fileEncoding = 4; lastKnownFileType = sourcecode.c.h; name = ObjCtoCPlusPlus.h; path = src/ObjCtoCPlusPlus.h; sourceTree = "<group>"; };
		AD914B7D1AC7C8AD001DDD98 /* ObjCtoCPlusPlus.mm */ = {isa = PBXFileReference; fileEncoding = 4; lastKnownFileType = sourcecode.cpp.objcpp; name = ObjCtoCPlusPlus.mm; path = src/ObjCtoCPlusPlus.mm; sourceTree = "<group>"; };
		AD9811B21AD4D60400173858 /* Animations.swift */ = {isa = PBXFileReference; fileEncoding = 4; lastKnownFileType = sourcecode.swift; name = Animations.swift; path = src/Animations.swift; sourceTree = "<group>"; };
		ADADD8C41ACA5FBD00674ED7 /* media-playback-pause-5.png */ = {isa = PBXFileReference; lastKnownFileType = image.png; name = "media-playback-pause-5.png"; path = "Pics/media-playback-pause-5.png"; sourceTree = "<group>"; };
		ADADD8C61ACA5FC200674ED7 /* media-playback-start-5.png */ = {isa = PBXFileReference; lastKnownFileType = image.png; name = "media-playback-start-5.png"; path = "Pics/media-playback-start-5.png"; sourceTree = "<group>"; };
		ADADD8C81ACA618800674ED7 /* media-seek-forward-5.png */ = {isa = PBXFileReference; lastKnownFileType = image.png; name = "media-seek-forward-5.png"; path = "Pics/media-seek-forward-5.png"; sourceTree = "<group>"; };
		ADADD8CA1ACA622400674ED7 /* media-seek-backward-5.png */ = {isa = PBXFileReference; lastKnownFileType = image.png; name = "media-seek-backward-5.png"; path = "Pics/media-seek-backward-5.png"; sourceTree = "<group>"; };
		ADADD8CC1ACA6D3800674ED7 /* media-skip-backward-5.png */ = {isa = PBXFileReference; lastKnownFileType = image.png; name = "media-skip-backward-5.png"; path = "Pics/media-skip-backward-5.png"; sourceTree = "<group>"; };
		ADADD8CD1ACA6D3800674ED7 /* media-skip-forward-5.png */ = {isa = PBXFileReference; lastKnownFileType = image.png; name = "media-skip-forward-5.png"; path = "Pics/media-skip-forward-5.png"; sourceTree = "<group>"; };
		ADADD8D01ACA7B3400674ED7 /* list-add-2.png */ = {isa = PBXFileReference; lastKnownFileType = image.png; name = "list-add-2.png"; path = "Pics/list-add-2.png"; sourceTree = "<group>"; };
		ADADD8D11ACA7B3400674ED7 /* list-remove-2.png */ = {isa = PBXFileReference; lastKnownFileType = image.png; name = "list-remove-2.png"; path = "Pics/list-remove-2.png"; sourceTree = "<group>"; };
		ADC4C2421ACD0D8A00ED8952 /* Background.jpg */ = {isa = PBXFileReference; lastKnownFileType = image.jpeg; name = Background.jpg; path = Pics/Background.jpg; sourceTree = "<group>"; };
		ADCB86551AC6471C00E300C7 /* Cube4Fun.app */ = {isa = PBXFileReference; explicitFileType = wrapper.application; includeInIndex = 0; path = Cube4Fun.app; sourceTree = BUILT_PRODUCTS_DIR; };
		ADCB86591AC6471C00E300C7 /* Info.plist */ = {isa = PBXFileReference; lastKnownFileType = text.plist.xml; path = Info.plist; sourceTree = "<group>"; };
		ADCB865A1AC6471C00E300C7 /* AppDelegate.swift */ = {isa = PBXFileReference; lastKnownFileType = sourcecode.swift; name = AppDelegate.swift; path = src/AppDelegate.swift; sourceTree = "<group>"; };
		ADCB865C1AC6471C00E300C7 /* GameView.swift */ = {isa = PBXFileReference; lastKnownFileType = sourcecode.swift; name = GameView.swift; path = src/GameView.swift; sourceTree = "<group>"; };
		ADCB865E1AC6471C00E300C7 /* GameViewController.swift */ = {isa = PBXFileReference; lastKnownFileType = sourcecode.swift; name = GameViewController.swift; path = src/GameViewController.swift; sourceTree = "<group>"; };
		ADCB86621AC6471C00E300C7 /* Images.xcassets */ = {isa = PBXFileReference; lastKnownFileType = folder.assetcatalog; path = Images.xcassets; sourceTree = "<group>"; };
		ADCB86651AC6471C00E300C7 /* Base */ = {isa = PBXFileReference; lastKnownFileType = file.xib; name = Base; path = Base.lproj/MainMenu.xib; sourceTree = "<group>"; };
		ADCB866B1AC6471C00E300C7 /* Cube4FunTests.xctest */ = {isa = PBXFileReference; explicitFileType = wrapper.cfbundle; includeInIndex = 0; path = Cube4FunTests.xctest; sourceTree = BUILT_PRODUCTS_DIR; };
		ADCB86701AC6471C00E300C7 /* Info.plist */ = {isa = PBXFileReference; lastKnownFileType = text.plist.xml; path = Info.plist; sourceTree = "<group>"; };
		ADCB86711AC6471C00E300C7 /* Cube4FunTests.swift */ = {isa = PBXFileReference; lastKnownFileType = sourcecode.swift; path = Cube4FunTests.swift; sourceTree = "<group>"; };
		ADCB867B1AC6498400E300C7 /* PrimitivesScene.swift */ = {isa = PBXFileReference; fileEncoding = 4; lastKnownFileType = sourcecode.swift; name = PrimitivesScene.swift; path = src/PrimitivesScene.swift; sourceTree = "<group>"; };
		ADE765181AC8FD42003CA000 /* Gradient.png */ = {isa = PBXFileReference; lastKnownFileType = image.png; name = Gradient.png; path = Pics/Gradient.png; sourceTree = "<group>"; };
		ADE7651C1AC90AB3003CA000 /* Arrows.png */ = {isa = PBXFileReference; lastKnownFileType = image.png; name = Arrows.png; path = Pics/Arrows.png; sourceTree = "<group>"; };
		ADE7651E1AC92423003CA000 /* Gradient2.png */ = {isa = PBXFileReference; lastKnownFileType = image.png; name = Gradient2.png; path = Pics/Gradient2.png; sourceTree = "<group>"; };
/* End PBXFileReference section */

/* Begin PBXFrameworksBuildPhase section */
		ADCB86521AC6471C00E300C7 /* Frameworks */ = {
			isa = PBXFrameworksBuildPhase;
			buildActionMask = 2147483647;
			files = (
				AD46E3F61AE4AA800040A7FE /* libPocoFoundation.a in Frameworks */,
				AD46E3F71AE4AA800040A7FE /* libPocoNet.a in Frameworks */,
			);
			runOnlyForDeploymentPostprocessing = 0;
		};
		ADCB86681AC6471C00E300C7 /* Frameworks */ = {
			isa = PBXFrameworksBuildPhase;
			buildActionMask = 2147483647;
			files = (
			);
			runOnlyForDeploymentPostprocessing = 0;
		};
/* End PBXFrameworksBuildPhase section */

/* Begin PBXGroup section */
		AD6B66931AE9F87E007FAA17 /* Common */ = {
			isa = PBXGroup;
			children = (
				AD6B66961AE9FD5C007FAA17 /* README.md */,
				AD6B66941AE9F894007FAA17 /* LICENSE */,
			);
			name = Common;
			sourceTree = "<group>";
		};
		AD6B66981AE9FE22007FAA17 /* Arduino */ = {
			isa = PBXGroup;
			children = (
				AD6B669D1AEA0219007FAA17 /* RainbowCube_Designmix.ino */,
				AD6B669E1AEA0219007FAA17 /* Webserver4Rainbow_v3.ino */,
			);
			name = Arduino;
			sourceTree = "<group>";
		};
		AD8CD53B1AE3399D007DBF9A /* libPoco */ = {
			isa = PBXGroup;
			children = (
			);
			name = libPoco;
			sourceTree = "<group>";
		};
		ADADD8C31ACA5FAE00674ED7 /* Images */ = {
			isa = PBXGroup;
			children = (
				ADE7651C1AC90AB3003CA000 /* Arrows.png */,
				ADE765181AC8FD42003CA000 /* Gradient.png */,
				ADE7651E1AC92423003CA000 /* Gradient2.png */,
				ADC4C2421ACD0D8A00ED8952 /* Background.jpg */,
				ADADD8D01ACA7B3400674ED7 /* list-add-2.png */,
				ADADD8D11ACA7B3400674ED7 /* list-remove-2.png */,
				ADADD8C61ACA5FC200674ED7 /* media-playback-start-5.png */,
				ADADD8C41ACA5FBD00674ED7 /* media-playback-pause-5.png */,
				ADADD8C81ACA618800674ED7 /* media-seek-forward-5.png */,
				ADADD8CA1ACA622400674ED7 /* media-seek-backward-5.png */,
				ADADD8CC1ACA6D3800674ED7 /* media-skip-backward-5.png */,
				AD4C7F1D1AD2400500E52973 /* view-sidetree.png */,
				ADADD8CD1ACA6D3800674ED7 /* media-skip-forward-5.png */,
			);
			name = Images;
			sourceTree = "<group>";
		};
		ADCB864C1AC6471C00E300C7 = {
			isa = PBXGroup;
			children = (
				AD6B66981AE9FE22007FAA17 /* Arduino */,
				AD46E3F41AE4AA800040A7FE /* libPocoFoundation.a */,
				AD46E3F51AE4AA800040A7FE /* libPocoNet.a */,
				AD8CD53B1AE3399D007DBF9A /* libPoco */,
				ADCB86571AC6471C00E300C7 /* Cube4Fun */,
				ADCB866E1AC6471C00E300C7 /* Cube4FunTests */,
				ADCB86561AC6471C00E300C7 /* Products */,
			);
			sourceTree = "<group>";
		};
		ADCB86561AC6471C00E300C7 /* Products */ = {
			isa = PBXGroup;
			children = (
				ADCB86551AC6471C00E300C7 /* Cube4Fun.app */,
				ADCB866B1AC6471C00E300C7 /* Cube4FunTests.xctest */,
			);
			name = Products;
			sourceTree = "<group>";
		};
		ADCB86571AC6471C00E300C7 /* Cube4Fun */ = {
			isa = PBXGroup;
			children = (
				AD6B66931AE9F87E007FAA17 /* Common */,
				ADADD8C31ACA5FAE00674ED7 /* Images */,
				ADCB865A1AC6471C00E300C7 /* AppDelegate.swift */,
				AD9811B21AD4D60400173858 /* Animations.swift */,
				AD21D6151ACE66CA00303E00 /* AnimationsController.swift */,
				ADCB865C1AC6471C00E300C7 /* GameView.swift */,
				ADCB865E1AC6471C00E300C7 /* GameViewController.swift */,
				AD8CD54A1AE34109007DBF9A /* Preferences.swift */,
				ADCB867B1AC6498400E300C7 /* PrimitivesScene.swift */,
				AD914B791AC7C62E001DDD98 /* CubeNetwork.cpp */,
				AD914B7A1AC7C62E001DDD98 /* CubeNetwork.h */,
				AD914B781AC7C62D001DDD98 /* Cube4Fun-Bridging-Header.h */,
				AD914B7C1AC7C8AD001DDD98 /* ObjCtoCPlusPlus.h */,
				AD914B7D1AC7C8AD001DDD98 /* ObjCtoCPlusPlus.mm */,
				ADCB86621AC6471C00E300C7 /* Images.xcassets */,
				ADCB86641AC6471C00E300C7 /* MainMenu.xib */,
				ADCB86581AC6471C00E300C7 /* Supporting Files */,
			);
			path = Cube4Fun;
			sourceTree = "<group>";
		};
		ADCB86581AC6471C00E300C7 /* Supporting Files */ = {
			isa = PBXGroup;
			children = (
				ADCB86591AC6471C00E300C7 /* Info.plist */,
			);
			name = "Supporting Files";
			sourceTree = "<group>";
		};
		ADCB866E1AC6471C00E300C7 /* Cube4FunTests */ = {
			isa = PBXGroup;
			children = (
				ADCB86711AC6471C00E300C7 /* Cube4FunTests.swift */,
				ADCB866F1AC6471C00E300C7 /* Supporting Files */,
			);
			path = Cube4FunTests;
			sourceTree = "<group>";
		};
		ADCB866F1AC6471C00E300C7 /* Supporting Files */ = {
			isa = PBXGroup;
			children = (
				ADCB86701AC6471C00E300C7 /* Info.plist */,
			);
			name = "Supporting Files";
			sourceTree = "<group>";
		};
/* End PBXGroup section */

/* Begin PBXNativeTarget section */
		ADCB86541AC6471C00E300C7 /* Cube4Fun */ = {
			isa = PBXNativeTarget;
			buildConfigurationList = ADCB86751AC6471C00E300C7 /* Build configuration list for PBXNativeTarget "Cube4Fun" */;
			buildPhases = (
				ADCB86511AC6471C00E300C7 /* Sources */,
				ADCB86521AC6471C00E300C7 /* Frameworks */,
				ADCB86531AC6471C00E300C7 /* Resources */,
			);
			buildRules = (
			);
			dependencies = (
			);
			name = Cube4Fun;
			productName = Cube4Fun;
			productReference = ADCB86551AC6471C00E300C7 /* Cube4Fun.app */;
			productType = "com.apple.product-type.application";
		};
		ADCB866A1AC6471C00E300C7 /* Cube4FunTests */ = {
			isa = PBXNativeTarget;
			buildConfigurationList = ADCB86781AC6471C00E300C7 /* Build configuration list for PBXNativeTarget "Cube4FunTests" */;
			buildPhases = (
				ADCB86671AC6471C00E300C7 /* Sources */,
				ADCB86681AC6471C00E300C7 /* Frameworks */,
				ADCB86691AC6471C00E300C7 /* Resources */,
			);
			buildRules = (
			);
			dependencies = (
				ADCB866D1AC6471C00E300C7 /* PBXTargetDependency */,
			);
			name = Cube4FunTests;
			productName = Cube4FunTests;
			productReference = ADCB866B1AC6471C00E300C7 /* Cube4FunTests.xctest */;
			productType = "com.apple.product-type.bundle.unit-test";
		};
/* End PBXNativeTarget section */

/* Begin PBXProject section */
		ADCB864D1AC6471C00E300C7 /* Project object */ = {
			isa = PBXProject;
			attributes = {
				LastUpgradeCheck = 0620;
				ORGANIZATIONNAME = "Nikolai Rinas";
				TargetAttributes = {
					ADCB86541AC6471C00E300C7 = {
						CreatedOnToolsVersion = 6.2;
					};
					ADCB866A1AC6471C00E300C7 = {
						CreatedOnToolsVersion = 6.2;
						TestTargetID = ADCB86541AC6471C00E300C7;
					};
				};
			};
			buildConfigurationList = ADCB86501AC6471C00E300C7 /* Build configuration list for PBXProject "Cube4Fun" */;
			compatibilityVersion = "Xcode 3.2";
			developmentRegion = English;
			hasScannedForEncodings = 0;
			knownRegions = (
				en,
				Base,
			);
			mainGroup = ADCB864C1AC6471C00E300C7;
			productRefGroup = ADCB86561AC6471C00E300C7 /* Products */;
			projectDirPath = "";
			projectRoot = "";
			targets = (
				ADCB86541AC6471C00E300C7 /* Cube4Fun */,
				ADCB866A1AC6471C00E300C7 /* Cube4FunTests */,
			);
		};
/* End PBXProject section */

/* Begin PBXResourcesBuildPhase section */
		ADCB86531AC6471C00E300C7 /* Resources */ = {
			isa = PBXResourcesBuildPhase;
			buildActionMask = 2147483647;
			files = (
				ADADD8C91ACA618800674ED7 /* media-seek-forward-5.png in Resources */,
				ADC4C2431ACD0D8A00ED8952 /* Background.jpg in Resources */,
				ADE765191AC8FD42003CA000 /* Gradient.png in Resources */,
				ADE7651F1AC92423003CA000 /* Gradient2.png in Resources */,
				ADADD8D21ACA7B3400674ED7 /* list-add-2.png in Resources */,
				ADCB86631AC6471C00E300C7 /* Images.xcassets in Resources */,
				ADADD8C51ACA5FBD00674ED7 /* media-playback-pause-5.png in Resources */,
				ADCB86661AC6471C00E300C7 /* MainMenu.xib in Resources */,
				ADADD8C71ACA5FC200674ED7 /* media-playback-start-5.png in Resources */,
				AD4C7F1E1AD2400500E52973 /* view-sidetree.png in Resources */,
				ADE7651D1AC90AB3003CA000 /* Arrows.png in Resources */,
				ADADD8CB1ACA622400674ED7 /* media-seek-backward-5.png in Resources */,
				ADADD8CE1ACA6D3800674ED7 /* media-skip-backward-5.png in Resources */,
				ADADD8D31ACA7B3400674ED7 /* list-remove-2.png in Resources */,
				ADADD8CF1ACA6D3800674ED7 /* media-skip-forward-5.png in Resources */,
			);
			runOnlyForDeploymentPostprocessing = 0;
		};
		ADCB86691AC6471C00E300C7 /* Resources */ = {
			isa = PBXResourcesBuildPhase;
			buildActionMask = 2147483647;
			files = (
			);
			runOnlyForDeploymentPostprocessing = 0;
		};
/* End PBXResourcesBuildPhase section */

/* Begin PBXSourcesBuildPhase section */
		ADCB86511AC6471C00E300C7 /* Sources */ = {
			isa = PBXSourcesBuildPhase;
			buildActionMask = 2147483647;
			files = (
				ADCB865D1AC6471C00E300C7 /* GameView.swift in Sources */,
				ADCB865F1AC6471C00E300C7 /* GameViewController.swift in Sources */,
				AD21D6161ACE66CA00303E00 /* AnimationsController.swift in Sources */,
				AD914B7B1AC7C62E001DDD98 /* CubeNetwork.cpp in Sources */,
				ADCB867C1AC6498400E300C7 /* PrimitivesScene.swift in Sources */,
				AD914B7E1AC7C8AD001DDD98 /* ObjCtoCPlusPlus.mm in Sources */,
				AD9811B31AD4D60400173858 /* Animations.swift in Sources */,
				ADCB865B1AC6471C00E300C7 /* AppDelegate.swift in Sources */,
				AD8CD54B1AE34109007DBF9A /* Preferences.swift in Sources */,
			);
			runOnlyForDeploymentPostprocessing = 0;
		};
		ADCB86671AC6471C00E300C7 /* Sources */ = {
			isa = PBXSourcesBuildPhase;
			buildActionMask = 2147483647;
			files = (
				ADCB86721AC6471C00E300C7 /* Cube4FunTests.swift in Sources */,
			);
			runOnlyForDeploymentPostprocessing = 0;
		};
/* End PBXSourcesBuildPhase section */

/* Begin PBXTargetDependency section */
		ADCB866D1AC6471C00E300C7 /* PBXTargetDependency */ = {
			isa = PBXTargetDependency;
			target = ADCB86541AC6471C00E300C7 /* Cube4Fun */;
			targetProxy = ADCB866C1AC6471C00E300C7 /* PBXContainerItemProxy */;
		};
/* End PBXTargetDependency section */

/* Begin PBXVariantGroup section */
		ADCB86641AC6471C00E300C7 /* MainMenu.xib */ = {
			isa = PBXVariantGroup;
			children = (
				ADCB86651AC6471C00E300C7 /* Base */,
			);
			name = MainMenu.xib;
			sourceTree = "<group>";
		};
/* End PBXVariantGroup section */

/* Begin XCBuildConfiguration section */
		ADCB86731AC6471C00E300C7 /* Debug */ = {
			isa = XCBuildConfiguration;
			buildSettings = {
				ALWAYS_SEARCH_USER_PATHS = NO;
				CLANG_CXX_LANGUAGE_STANDARD = "gnu++0x";
				CLANG_CXX_LIBRARY = "libc++";
				CLANG_ENABLE_MODULES = YES;
				CLANG_ENABLE_OBJC_ARC = YES;
				CLANG_WARN_BOOL_CONVERSION = YES;
				CLANG_WARN_CONSTANT_CONVERSION = YES;
				CLANG_WARN_DIRECT_OBJC_ISA_USAGE = YES_ERROR;
				CLANG_WARN_EMPTY_BODY = YES;
				CLANG_WARN_ENUM_CONVERSION = YES;
				CLANG_WARN_INT_CONVERSION = YES;
				CLANG_WARN_OBJC_ROOT_CLASS = YES_ERROR;
				CLANG_WARN_UNREACHABLE_CODE = YES;
				CLANG_WARN__DUPLICATE_METHOD_MATCH = YES;
				CODE_SIGN_IDENTITY = "-";
				COPY_PHASE_STRIP = NO;
				ENABLE_STRICT_OBJC_MSGSEND = YES;
				GCC_C_LANGUAGE_STANDARD = gnu99;
				GCC_DYNAMIC_NO_PIC = NO;
				GCC_OPTIMIZATION_LEVEL = 0;
				GCC_PREPROCESSOR_DEFINITIONS = (
					"DEBUG=1",
					"$(inherited)",
				);
				GCC_SYMBOLS_PRIVATE_EXTERN = NO;
				GCC_WARN_64_TO_32_BIT_CONVERSION = YES;
				GCC_WARN_ABOUT_RETURN_TYPE = YES_ERROR;
				GCC_WARN_UNDECLARED_SELECTOR = YES;
				GCC_WARN_UNINITIALIZED_AUTOS = YES_AGGRESSIVE;
				GCC_WARN_UNUSED_FUNCTION = YES;
				GCC_WARN_UNUSED_VARIABLE = YES;
				MACOSX_DEPLOYMENT_TARGET = 10.10;
				MTL_ENABLE_DEBUG_INFO = YES;
				ONLY_ACTIVE_ARCH = YES;
				SDKROOT = macosx;
				SWIFT_OPTIMIZATION_LEVEL = "-Onone";
			};
			name = Debug;
		};
		ADCB86741AC6471C00E300C7 /* Release */ = {
			isa = XCBuildConfiguration;
			buildSettings = {
				ALWAYS_SEARCH_USER_PATHS = NO;
				CLANG_CXX_LANGUAGE_STANDARD = "gnu++0x";
				CLANG_CXX_LIBRARY = "libc++";
				CLANG_ENABLE_MODULES = YES;
				CLANG_ENABLE_OBJC_ARC = YES;
				CLANG_WARN_BOOL_CONVERSION = YES;
				CLANG_WARN_CONSTANT_CONVERSION = YES;
				CLANG_WARN_DIRECT_OBJC_ISA_USAGE = YES_ERROR;
				CLANG_WARN_EMPTY_BODY = YES;
				CLANG_WARN_ENUM_CONVERSION = YES;
				CLANG_WARN_INT_CONVERSION = YES;
				CLANG_WARN_OBJC_ROOT_CLASS = YES_ERROR;
				CLANG_WARN_UNREACHABLE_CODE = YES;
				CLANG_WARN__DUPLICATE_METHOD_MATCH = YES;
				CODE_SIGN_IDENTITY = "-";
				COPY_PHASE_STRIP = NO;
				DEBUG_INFORMATION_FORMAT = "dwarf-with-dsym";
				ENABLE_NS_ASSERTIONS = NO;
				ENABLE_STRICT_OBJC_MSGSEND = YES;
				GCC_C_LANGUAGE_STANDARD = gnu99;
				GCC_WARN_64_TO_32_BIT_CONVERSION = YES;
				GCC_WARN_ABOUT_RETURN_TYPE = YES_ERROR;
				GCC_WARN_UNDECLARED_SELECTOR = YES;
				GCC_WARN_UNINITIALIZED_AUTOS = YES_AGGRESSIVE;
				GCC_WARN_UNUSED_FUNCTION = YES;
				GCC_WARN_UNUSED_VARIABLE = YES;
				MACOSX_DEPLOYMENT_TARGET = 10.10;
				MTL_ENABLE_DEBUG_INFO = NO;
				SDKROOT = macosx;
			};
			name = Release;
		};
		ADCB86761AC6471C00E300C7 /* Debug */ = {
			isa = XCBuildConfiguration;
			buildSettings = {
				ASSETCATALOG_COMPILER_APPICON_NAME = AppIcon;
				CLANG_ENABLE_MODULES = YES;
				COMBINE_HIDPI_IMAGES = YES;
				GCC_LINK_WITH_DYNAMIC_LIBRARIES = YES;
				INFOPLIST_FILE = Cube4Fun/Info.plist;
				LD_GENERATE_MAP_FILE = NO;
				LD_RUNPATH_SEARCH_PATHS = "$(inherited) @executable_path/../Frameworks";
				LIBRARY_SEARCH_PATHS = (
					"$(inherited)",
					"$(PROJECT_DIR)",
					"$(PROJECT_DIR)/Cube4Fun/Poco",
				);
				PRODUCT_NAME = "$(TARGET_NAME)";
				SWIFT_OBJC_BRIDGING_HEADER = "Cube4Fun/src/Cube4Fun-Bridging-Header.h";
				SWIFT_OPTIMIZATION_LEVEL = "-Onone";
				USER_HEADER_SEARCH_PATHS = /opt/local/include;
			};
			name = Debug;
		};
		ADCB86771AC6471C00E300C7 /* Release */ = {
			isa = XCBuildConfiguration;
			buildSettings = {
				ASSETCATALOG_COMPILER_APPICON_NAME = AppIcon;
				CLANG_ENABLE_MODULES = YES;
				COMBINE_HIDPI_IMAGES = YES;
				GCC_LINK_WITH_DYNAMIC_LIBRARIES = YES;
				INFOPLIST_FILE = Cube4Fun/Info.plist;
				LD_GENERATE_MAP_FILE = NO;
				LD_RUNPATH_SEARCH_PATHS = "$(inherited) @executable_path/../Frameworks";
				LIBRARY_SEARCH_PATHS = (
					"$(inherited)",
					"$(PROJECT_DIR)",
					"$(PROJECT_DIR)/Cube4Fun/Poco",
				);
				PRODUCT_NAME = "$(TARGET_NAME)";
				SWIFT_OBJC_BRIDGING_HEADER = "Cube4Fun/src/Cube4Fun-Bridging-Header.h";
				USER_HEADER_SEARCH_PATHS = /opt/local/include;
			};
			name = Release;
		};
		ADCB86791AC6471C00E300C7 /* Debug */ = {
			isa = XCBuildConfiguration;
			buildSettings = {
				BUNDLE_LOADER = "$(TEST_HOST)";
				COMBINE_HIDPI_IMAGES = YES;
				FRAMEWORK_SEARCH_PATHS = (
					"$(DEVELOPER_FRAMEWORKS_DIR)",
					"$(inherited)",
				);
				GCC_PREPROCESSOR_DEFINITIONS = (
					"DEBUG=1",
					"$(inherited)",
				);
				INFOPLIST_FILE = Cube4FunTests/Info.plist;
				LD_RUNPATH_SEARCH_PATHS = "$(inherited) @executable_path/../Frameworks @loader_path/../Frameworks";
				PRODUCT_NAME = "$(TARGET_NAME)";
				TEST_HOST = "$(BUILT_PRODUCTS_DIR)/Cube4Fun.app/Contents/MacOS/Cube4Fun";
			};
			name = Debug;
		};
		ADCB867A1AC6471C00E300C7 /* Release */ = {
			isa = XCBuildConfiguration;
			buildSettings = {
				BUNDLE_LOADER = "$(TEST_HOST)";
				COMBINE_HIDPI_IMAGES = YES;
				FRAMEWORK_SEARCH_PATHS = (
					"$(DEVELOPER_FRAMEWORKS_DIR)",
					"$(inherited)",
				);
				INFOPLIST_FILE = Cube4FunTests/Info.plist;
				LD_RUNPATH_SEARCH_PATHS = "$(inherited) @executable_path/../Frameworks @loader_path/../Frameworks";
				PRODUCT_NAME = "$(TARGET_NAME)";
				TEST_HOST = "$(BUILT_PRODUCTS_DIR)/Cube4Fun.app/Contents/MacOS/Cube4Fun";
			};
			name = Release;
		};
/* End XCBuildConfiguration section */

/* Begin XCConfigurationList section */
		ADCB86501AC6471C00E300C7 /* Build configuration list for PBXProject "Cube4Fun" */ = {
			isa = XCConfigurationList;
			buildConfigurations = (
				ADCB86731AC6471C00E300C7 /* Debug */,
				ADCB86741AC6471C00E300C7 /* Release */,
			);
			defaultConfigurationIsVisible = 0;
			defaultConfigurationName = Release;
		};
		ADCB86751AC6471C00E300C7 /* Build configuration list for PBXNativeTarget "Cube4Fun" */ = {
			isa = XCConfigurationList;
			buildConfigurations = (
				ADCB86761AC6471C00E300C7 /* Debug */,
				ADCB86771AC6471C00E300C7 /* Release */,
			);
			defaultConfigurationIsVisible = 0;
			defaultConfigurationName = Release;
		};
		ADCB86781AC6471C00E300C7 /* Build configuration list for PBXNativeTarget "Cube4FunTests" */ = {
			isa = XCConfigurationList;
			buildConfigurations = (
				ADCB86791AC6471C00E300C7 /* Debug */,
				ADCB867A1AC6471C00E300C7 /* Release */,
			);
			defaultConfigurationIsVisible = 0;
			defaultConfigurationName = Release;
		};
/* End XCConfigurationList section */
	};
	rootObject = ADCB864D1AC6471C00E300C7 /* Project object */;
}
